<?xml version="1.0" encoding="utf-8"?>
<Project ToolsVersion="4.0" xmlns="http://schemas.microsoft.com/developer/msbuild/2003">
  <ItemGroup>
  </ItemGroup>
  <ItemGroup>
    <None Include="test2.lua" />
    <None Include="test.lua" />
  </ItemGroup>
  <ItemGroup>
  </ItemGroup>
  <ItemGroup>
  </ItemGroup>
  <ItemGroup>
  </ItemGroup>
  <ItemGroup>
  </ItemGroup>
  <ItemGroup>
  </ItemGroup>
  <ItemGroup>
    <Filter Include="src">
      <UniqueIdentifier>{b8e2580e-3c4b-44a8-93f0-2b8e622157ec}</UniqueIdentifier>
    </Filter>
    <Filter Include="src\libs">
      <UniqueIdentifier>{de84341c-badc-428e-b458-c3a4defa6d62}</UniqueIdentifier>
    </Filter>
    <Filter Include="src\utils">
      <UniqueIdentifier>{a3102a43-9e79-4766-bf2f-d63728fd9ce2}</UniqueIdentifier>
    </Filter>
    <Filter Include="src\libs\lua-5.3.2">
      <UniqueIdentifier>{df7f4220-462b-4183-ab46-18da0ec2dfa4}</UniqueIdentifier>
    </Filter>
    <Filter Include="src\libs\sqlite3">
      <UniqueIdentifier>{33da3819-883e-4a19-bb7e-29500dddf028}</UniqueIdentifier>
    </Filter>
  </ItemGroup>
  <ItemGroup>
    <ClCompile Include="src\BattleSystem.cpp">
      <Filter>src</Filter>
    </ClCompile>
    <ClCompile Include="src\Cards.cpp">
      <Filter>src</Filter>
    </ClCompile>
    <ClCompile Include="src\CardsManager.cpp">
      <Filter>src</Filter>
    </ClCompile>
    <ClCompile Include="src\EventStack.cpp">
      <Filter>src</Filter>
    </ClCompile>
    <ClCompile Include="src\GameEvent.cpp">
      <Filter>src</Filter>
    </ClCompile>
    <ClCompile Include="src\GamePackFile.cpp">
      <Filter>src</Filter>
    </ClCompile>
    <ClCompile Include="src\LogHandler.cpp">
      <Filter>src</Filter>
    </ClCompile>
    <ClCompile Include="src\main.cpp">
      <Filter>src</Filter>
    </ClCompile>
    <ClCompile Include="src\NetPlayer.cpp">
      <Filter>src</Filter>
    </ClCompile>
    <ClCompile Include="src\Player.cpp">
      <Filter>src</Filter>
    </ClCompile>
    <ClCompile Include="src\ScriptEngine.cpp">
      <Filter>src</Filter>
    </ClCompile>
    <ClCompile Include="src\libs\GC.cpp">
      <Filter>src\libs</Filter>
    </ClCompile>
    <ClCompile Include="src\libs\StringManager.cpp">
      <Filter>src\libs</Filter>
    </ClCompile>
    <ClCompile Include="src\libs\lua-5.3.2\lapi.c">
      <Filter>src\libs\lua-5.3.2</Filter>
    </ClCompile>
    <ClCompile Include="src\libs\lua-5.3.2\lauxlib.c">
      <Filter>src\libs\lua-5.3.2</Filter>
    </ClCompile>
    <ClCompile Include="src\libs\lua-5.3.2\lbaselib.c">
      <Filter>src\libs\lua-5.3.2</Filter>
    </ClCompile>
    <ClCompile Include="src\libs\lua-5.3.2\lbitlib.c">
      <Filter>src\libs\lua-5.3.2</Filter>
    </ClCompile>
    <ClCompile Include="src\libs\lua-5.3.2\lcode.c">
      <Filter>src\libs\lua-5.3.2</Filter>
    </ClCompile>
    <ClCompile Include="src\libs\lua-5.3.2\lcorolib.c">
      <Filter>src\libs\lua-5.3.2</Filter>
    </ClCompile>
    <ClCompile Include="src\libs\lua-5.3.2\lctype.c">
      <Filter>src\libs\lua-5.3.2</Filter>
    </ClCompile>
    <ClCompile Include="src\libs\lua-5.3.2\ldblib.c">
      <Filter>src\libs\lua-5.3.2</Filter>
    </ClCompile>
    <ClCompile Include="src\libs\lua-5.3.2\ldebug.c">
      <Filter>src\libs\lua-5.3.2</Filter>
    </ClCompile>
    <ClCompile Include="src\libs\lua-5.3.2\ldo.c">
      <Filter>src\libs\lua-5.3.2</Filter>
    </ClCompile>
    <ClCompile Include="src\libs\lua-5.3.2\ldump.c">
      <Filter>src\libs\lua-5.3.2</Filter>
    </ClCompile>
    <ClCompile Include="src\libs\lua-5.3.2\lfunc.c">
      <Filter>src\libs\lua-5.3.2</Filter>
    </ClCompile>
    <ClCompile Include="src\libs\lua-5.3.2\lgc.c">
      <Filter>src\libs\lua-5.3.2</Filter>
    </ClCompile>
    <ClCompile Include="src\libs\lua-5.3.2\linit.c">
      <Filter>src\libs\lua-5.3.2</Filter>
    </ClCompile>
    <ClCompile Include="src\libs\lua-5.3.2\liolib.c">
      <Filter>src\libs\lua-5.3.2</Filter>
    </ClCompile>
    <ClCompile Include="src\libs\lua-5.3.2\llex.c">
      <Filter>src\libs\lua-5.3.2</Filter>
    </ClCompile>
    <ClCompile Include="src\libs\lua-5.3.2\lmathlib.c">
      <Filter>src\libs\lua-5.3.2</Filter>
    </ClCompile>
    <ClCompile Include="src\libs\lua-5.3.2\lmem.c">
      <Filter>src\libs\lua-5.3.2</Filter>
    </ClCompile>
    <ClCompile Include="src\libs\lua-5.3.2\loadlib.c">
      <Filter>src\libs\lua-5.3.2</Filter>
    </ClCompile>
    <ClCompile Include="src\libs\lua-5.3.2\lobject.c">
      <Filter>src\libs\lua-5.3.2</Filter>
    </ClCompile>
    <ClCompile Include="src\libs\lua-5.3.2\lopcodes.c">
      <Filter>src\libs\lua-5.3.2</Filter>
    </ClCompile>
    <ClCompile Include="src\libs\lua-5.3.2\loslib.c">
      <Filter>src\libs\lua-5.3.2</Filter>
    </ClCompile>
    <ClCompile Include="src\libs\lua-5.3.2\lparser.c">
      <Filter>src\libs\lua-5.3.2</Filter>
    </ClCompile>
    <ClCompile Include="src\libs\lua-5.3.2\lstate.c">
      <Filter>src\libs\lua-5.3.2</Filter>
    </ClCompile>
    <ClCompile Include="src\libs\lua-5.3.2\lstring.c">
      <Filter>src\libs\lua-5.3.2</Filter>
    </ClCompile>
    <ClCompile Include="src\libs\lua-5.3.2\lstrlib.c">
      <Filter>src\libs\lua-5.3.2</Filter>
    </ClCompile>
    <ClCompile Include="src\libs\lua-5.3.2\ltable.c">
      <Filter>src\libs\lua-5.3.2</Filter>
    </ClCompile>
    <ClCompile Include="src\libs\lua-5.3.2\ltablib.c">
      <Filter>src\libs\lua-5.3.2</Filter>
    </ClCompile>
    <ClCompile Include="src\libs\lua-5.3.2\ltm.c">
      <Filter>src\libs\lua-5.3.2</Filter>
    </ClCompile>
    <ClCompile Include="src\libs\lua-5.3.2\lundump.c">
      <Filter>src\libs\lua-5.3.2</Filter>
    </ClCompile>
    <ClCompile Include="src\libs\lua-5.3.2\lutf8lib.c">
      <Filter>src\libs\lua-5.3.2</Filter>
    </ClCompile>
    <ClCompile Include="src\libs\lua-5.3.2\lvm.c">
      <Filter>src\libs\lua-5.3.2</Filter>
    </ClCompile>
    <ClCompile Include="src\libs\lua-5.3.2\lzio.c">
      <Filter>src\libs\lua-5.3.2</Filter>
    </ClCompile>
    <ClCompile Include="src\libs\sqlite3\sqlite3.c">
      <Filter>src\libs\sqlite3</Filter>
    </ClCompile>
    <ClCompile Include="src\utils\EventCenter.cpp">
      <Filter>src\utils</Filter>
    </ClCompile>
  </ItemGroup>
  <ItemGroup>
    <ClInclude Include="src\BattleSystem.h">
      <Filter>src</Filter>
    </ClInclude>
    <ClInclude Include="src\Cards.h">
      <Filter>src</Filter>
    </ClInclude>
    <ClInclude Include="src\CardsManager.h">
      <Filter>src</Filter>
    </ClInclude>
    <ClInclude Include="src\def.h">
      <Filter>src</Filter>
    </ClInclude>
    <ClInclude Include="src\EventStack.h">
      <Filter>src</Filter>
    </ClInclude>
    <ClInclude Include="src\GameEvent.h">
      <Filter>src</Filter>
    </ClInclude>
    <ClInclude Include="src\GamePackFile.h">
      <Filter>src</Filter>
    </ClInclude>
    <ClInclude Include="src\LogHandler.h">
      <Filter>src</Filter>
    </ClInclude>
    <ClInclude Include="src\NetPlayer.h">
      <Filter>src</Filter>
    </ClInclude>
    <ClInclude Include="src\Player.h">
      <Filter>src</Filter>
    </ClInclude>
    <ClInclude Include="src\ScriptEngine.h">
      <Filter>src</Filter>
    </ClInclude>
    <ClInclude Include="src\libs\GC.h">
      <Filter>src\libs</Filter>
    </ClInclude>
    <ClInclude Include="src\libs\StringManager.h">
      <Filter>src\libs</Filter>
    </ClInclude>
    <ClInclude Include="src\libs\lua-5.3.2\lapi.h">
      <Filter>src\libs\lua-5.3.2</Filter>
    </ClInclude>
    <ClInclude Include="src\libs\lua-5.3.2\lauxlib.h">
      <Filter>src\libs\lua-5.3.2</Filter>
    </ClInclude>
    <ClInclude Include="src\libs\lua-5.3.2\lcode.h">
      <Filter>src\libs\lua-5.3.2</Filter>
    </ClInclude>
    <ClInclude Include="src\libs\lua-5.3.2\lctype.h">
      <Filter>src\libs\lua-5.3.2</Filter>
    </ClInclude>
    <ClInclude Include="src\libs\lua-5.3.2\ldebug.h">
      <Filter>src\libs\lua-5.3.2</Filter>
    </ClInclude>
    <ClInclude Include="src\libs\lua-5.3.2\ldo.h">
      <Filter>src\libs\lua-5.3.2</Filter>
    </ClInclude>
    <ClInclude Include="src\libs\lua-5.3.2\lfunc.h">
      <Filter>src\libs\lua-5.3.2</Filter>
    </ClInclude>
    <ClInclude Include="src\libs\lua-5.3.2\lgc.h">
      <Filter>src\libs\lua-5.3.2</Filter>
    </ClInclude>
    <ClInclude Include="src\libs\lua-5.3.2\llex.h">
      <Filter>src\libs\lua-5.3.2</Filter>
    </ClInclude>
    <ClInclude Include="src\libs\lua-5.3.2\llimits.h">
      <Filter>src\libs\lua-5.3.2</Filter>
    </ClInclude>
    <ClInclude Include="src\libs\lua-5.3.2\lmem.h">
      <Filter>src\libs\lua-5.3.2</Filter>
    </ClInclude>
    <ClInclude Include="src\libs\lua-5.3.2\lobject.h">
      <Filter>src\libs\lua-5.3.2</Filter>
    </ClInclude>
    <ClInclude Include="src\libs\lua-5.3.2\lopcodes.h">
      <Filter>src\libs\lua-5.3.2</Filter>
    </ClInclude>
    <ClInclude Include="src\libs\lua-5.3.2\lparser.h">
      <Filter>src\libs\lua-5.3.2</Filter>
    </ClInclude>
    <ClInclude Include="src\libs\lua-5.3.2\lprefix.h">
      <Filter>src\libs\lua-5.3.2</Filter>
    </ClInclude>
    <ClInclude Include="src\libs\lua-5.3.2\lstate.h">
      <Filter>src\libs\lua-5.3.2</Filter>
    </ClInclude>
    <ClInclude Include="src\libs\lua-5.3.2\lstring.h">
      <Filter>src\libs\lua-5.3.2</Filter>
    </ClInclude>
    <ClInclude Include="src\libs\lua-5.3.2\ltable.h">
      <Filter>src\libs\lua-5.3.2</Filter>
    </ClInclude>
    <ClInclude Include="src\libs\lua-5.3.2\ltm.h">
      <Filter>src\libs\lua-5.3.2</Filter>
    </ClInclude>
    <ClInclude Include="src\libs\lua-5.3.2\lua.h">
      <Filter>src\libs\lua-5.3.2</Filter>
    </ClInclude>
    <ClInclude Include="src\libs\lua-5.3.2\lua.hpp">
      <Filter>src\libs\lua-5.3.2</Filter>
    </ClInclude>
    <ClInclude Include="src\libs\lua-5.3.2\luaconf.h">
      <Filter>src\libs\lua-5.3.2</Filter>
    </ClInclude>
    <ClInclude Include="src\libs\lua-5.3.2\lualib.h">
      <Filter>src\libs\lua-5.3.2</Filter>
    </ClInclude>
    <ClInclude Include="src\libs\lua-5.3.2\lundump.h">
      <Filter>src\libs\lua-5.3.2</Filter>
    </ClInclude>
    <ClInclude Include="src\libs\lua-5.3.2\lvm.h">
      <Filter>src\libs\lua-5.3.2</Filter>
    </ClInclude>
    <ClInclude Include="src\libs\lua-5.3.2\lzio.h">
      <Filter>src\libs\lua-5.3.2</Filter>
    </ClInclude>
    <ClInclude Include="src\libs\lua-5.3.2\Makefile">
      <Filter>src\libs\lua-5.3.2</Filter>
    </ClInclude>
    <ClInclude Include="src\libs\sqlite3\sqlite3.h">
      <Filter>src\libs\sqlite3</Filter>
    </ClInclude>
    <ClInclude Include="src\libs\sqlite3\sqlite3ext.h">
      <Filter>src\libs\sqlite3</Filter>
    </ClInclude>
    <ClInclude Include="src\utils\EventCenter.h">
      <Filter>src\utils</Filter>
    </ClInclude>
  </ItemGroup>
</Project>